{
  "name": "compontent-testing",
  "version": "0.0.1",
  "lockfileVersion": 1,
  "requires": true,
  "dependencies": {
    "@stencil/core": {
      "version": "1.8.4",
      "resolved": "https://registry.npmjs.org/@stencil/core/-/core-1.8.4.tgz",
      "integrity": "sha512-QqMd7PtqsnhZCqflGp1pQNhbMSaqJho9l5ZSZfbl2OP2q1SdVuKUl/vatAT+++Ml7duC6OZCNsvhLvvP6Mr7GQ==",
      "dev": true,
      "requires": {
        "typescript": "3.7.2"
      }
    },
    "@stencil/sass": {
      "version": "1.1.1",
      "resolved": "https://registry.npmjs.org/@stencil/sass/-/sass-1.1.1.tgz",
      "integrity": "sha512-Nny3JiFkpQa0RdXWCa4pzhKQYnHuDNzC9c4w35FcaZHXBVuZ1UHSHc7wI7By9SS1auYcySqpPOBVzgoCqXcYVQ=="
    },
    "bootstrap": {
      "version": "4.4.1",
      "resolved": "https://registry.npmjs.org/bootstrap/-/bootstrap-4.4.1.tgz",
      "integrity": "sha512-tbx5cHubwE6e2ZG7nqM3g/FZ5PQEDMWmMGNrCUBVRPHXTJaH7CBDdsLeu3eCh3B1tzAxTnAbtmrzvWEvT2NNEA=="
    },
    "bulma-divider": {
      "version": "0.2.0",
      "resolved": "https://registry.npmjs.org/bulma-divider/-/bulma-divider-0.2.0.tgz",
      "integrity": "sha512-REe3k56GECRfDaqFjC8cwLhV4RxXmV0RubuzDJqwior9wlJcdHlN0qfW0tvUX+qphikaTQegIeRuhjRIAqkjkw=="
    },
    "bulma-scss": {
      "version": "0.8.0",
      "resolved": "https://registry.npmjs.org/bulma-scss/-/bulma-scss-0.8.0.tgz",
      "integrity": "sha512-fm/wMyR5zNSBR3YrptGgPFSQOmGcUWYQabqB9jZQgrk6gBUwYZokiU4Uvgb4lfXxqIIKroCvM5lz/CMYXR0oVg=="
    },
    "bulma-switch": {
      "version": "2.0.0",
      "resolved": "https://registry.npmjs.org/bulma-switch/-/bulma-switch-2.0.0.tgz",
      "integrity": "sha512-myD38zeUfjmdduq+pXabhJEe3x2hQP48l/OI+Y0fO3HdDynZUY/VJygucvEAJKRjr4HxD5DnEm4yx+oDOBXpAA=="
    },
    "bulmil": {
      "version": "0.0.16",
      "resolved": "https://registry.npmjs.org/bulmil/-/bulmil-0.0.16.tgz",
      "integrity": "sha512-J5F20nZHl1CPuaqkNVOx2zb6SL+GmzXMjRMYkmqeUlNOO/bE0SNIGapgCI34oNGLdpan/NF77j37kFypKEtdjQ==",
      "requires": {
        "bulma-divider": "^0.2.0",
        "bulma-scss": "^0.8.0",
        "bulma-switch": "^2.0.0"
      }
    },
    "typescript": {
      "version": "3.7.2",
      "resolved": "https://registry.npmjs.org/typescript/-/typescript-3.7.2.tgz",
      "integrity": "sha512-ml7V7JfiN2Xwvcer+XAf2csGO1bPBdRbFCkYBczNZggrBZ9c7G3riSUeJmqEU5uOtXNPMhE3n+R4FA/3YOAWOQ==",
      "dev": true
    }
  }
}
